// !$*UTF8*$!
{
	archiveVersion = 1;
	classes = {
	};
	objectVersion = 56;
	objects = {

/* Begin PBXBuildFile section */
		17000A4929B07796003BD54C /* WebView.swift in Sources */ = {isa = PBXBuildFile; fileRef = 17000A4829B07796003BD54C /* WebView.swift */; };
		170B651F29E8C66000875EEB /* GenerateAlbumView.swift in Sources */ = {isa = PBXBuildFile; fileRef = 170B651E29E8C66000875EEB /* GenerateAlbumView.swift */; };
		17B76C7829E7BA3700D36C4B /* Home.swift in Sources */ = {isa = PBXBuildFile; fileRef = 17B76C7729E7BA3700D36C4B /* Home.swift */; };
		17B76C7A29E7BAFA00D36C4B /* LibraryView.swift in Sources */ = {isa = PBXBuildFile; fileRef = 17B76C7929E7BAFA00D36C4B /* LibraryView.swift */; };
		17D8348F29A95D7A00F498D4 /* Album_Cover_GeneratorApp.swift in Sources */ = {isa = PBXBuildFile; fileRef = 17D8348E29A95D7A00F498D4 /* Album_Cover_GeneratorApp.swift */; };
		17D8349129A95D7A00F498D4 /* AuthorizeView.swift in Sources */ = {isa = PBXBuildFile; fileRef = 17D8349029A95D7A00F498D4 /* AuthorizeView.swift */; };
		17D8349329A95D7B00F498D4 /* Assets.xcassets in Resources */ = {isa = PBXBuildFile; fileRef = 17D8349229A95D7B00F498D4 /* Assets.xcassets */; };
		17D8349629A95D7B00F498D4 /* Preview Assets.xcassets in Resources */ = {isa = PBXBuildFile; fileRef = 17D8349529A95D7B00F498D4 /* Preview Assets.xcassets */; };
		17D8349E29A9992A00F498D4 /* SpotifyAPI in Frameworks */ = {isa = PBXBuildFile; productRef = 17D8349D29A9992A00F498D4 /* SpotifyAPI */; };
		17D834A029A9A16700F498D4 /* AuthorizeViewModel.swift in Sources */ = {isa = PBXBuildFile; fileRef = 17D8349F29A9A16700F498D4 /* AuthorizeViewModel.swift */; };
		ED1F3A0D29ECBDC700D66018 /* StableDiffusion in Frameworks */ = {isa = PBXBuildFile; productRef = ED1F3A0C29ECBDC700D66018 /* StableDiffusion */; };
		ED1F3A1A29ECC0AA00D66018 /* merges.txt in Resources */ = {isa = PBXBuildFile; fileRef = ED1F3A1129ECC0A900D66018 /* merges.txt */; };
		ED1F3A1B29ECC0AA00D66018 /* TextEncoder.mlmodelc in Resources */ = {isa = PBXBuildFile; fileRef = ED1F3A1229ECC0A900D66018 /* TextEncoder.mlmodelc */; };
		ED1F3A1C29ECC0AA00D66018 /* Unet.mlmodelc in Resources */ = {isa = PBXBuildFile; fileRef = ED1F3A1329ECC0AA00D66018 /* Unet.mlmodelc */; };
		ED1F3A1D29ECC0AA00D66018 /* VAEEncoder.mlmodelc in Resources */ = {isa = PBXBuildFile; fileRef = ED1F3A1429ECC0AA00D66018 /* VAEEncoder.mlmodelc */; };
		ED1F3A1E29ECC0AA00D66018 /* vocab.json in Resources */ = {isa = PBXBuildFile; fileRef = ED1F3A1529ECC0AA00D66018 /* vocab.json */; };
		ED1F3A1F29ECC0AA00D66018 /* UnetChunk2.mlmodelc in Resources */ = {isa = PBXBuildFile; fileRef = ED1F3A1629ECC0AA00D66018 /* UnetChunk2.mlmodelc */; };
		ED1F3A2029ECC0AA00D66018 /* SafetyChecker.mlmodelc in Resources */ = {isa = PBXBuildFile; fileRef = ED1F3A1729ECC0AA00D66018 /* SafetyChecker.mlmodelc */; };
		ED1F3A2129ECC0AA00D66018 /* VAEDecoder.mlmodelc in Resources */ = {isa = PBXBuildFile; fileRef = ED1F3A1829ECC0AA00D66018 /* VAEDecoder.mlmodelc */; };
		ED1F3A2229ECC0AA00D66018 /* UnetChunk1.mlmodelc in Resources */ = {isa = PBXBuildFile; fileRef = ED1F3A1929ECC0AA00D66018 /* UnetChunk1.mlmodelc */; };
		ED1F3A2629ECC36900D66018 /* StableDiffusionView.swift in Sources */ = {isa = PBXBuildFile; fileRef = ED1F3A2529ECC36900D66018 /* StableDiffusionView.swift */; };
		ED41FAE529C11E39004F7152 /* Spotify.swift in Sources */ = {isa = PBXBuildFile; fileRef = ED41FAE429C11E39004F7152 /* Spotify.swift */; };
		ED41FAE829C11F27004F7152 /* KeychainAccess in Frameworks */ = {isa = PBXBuildFile; productRef = ED41FAE729C11F27004F7152 /* KeychainAccess */; };
		ED590D6929CB620500AC9FB8 /* MusicCollectionListView.swift in Sources */ = {isa = PBXBuildFile; fileRef = ED590D6829CB620500AC9FB8 /* MusicCollectionListView.swift */; };
		ED590D6B29CB6EFE00AC9FB8 /* CollectionCellView.swift in Sources */ = {isa = PBXBuildFile; fileRef = ED590D6A29CB6EFE00AC9FB8 /* CollectionCellView.swift */; };
		ED719A3A29EBBFED00631FBE /* GeneratePlaylistView.swift in Sources */ = {isa = PBXBuildFile; fileRef = ED719A3929EBBFED00631FBE /* GeneratePlaylistView.swift */; };
		EDB5D0B329B0628B002BE308 /* DeepLinkManager.swift in Sources */ = {isa = PBXBuildFile; fileRef = EDB5D0B229B0628A002BE308 /* DeepLinkManager.swift */; };
/* End PBXBuildFile section */

/* Begin PBXFileReference section */
		17000A4829B07796003BD54C /* WebView.swift */ = {isa = PBXFileReference; lastKnownFileType = sourcecode.swift; path = WebView.swift; sourceTree = "<group>"; };
		170B651E29E8C66000875EEB /* GenerateAlbumView.swift */ = {isa = PBXFileReference; lastKnownFileType = sourcecode.swift; path = GenerateAlbumView.swift; sourceTree = "<group>"; };
		17B76C7729E7BA3700D36C4B /* Home.swift */ = {isa = PBXFileReference; fileEncoding = 4; lastKnownFileType = sourcecode.swift; path = Home.swift; sourceTree = "<group>"; };
		17B76C7929E7BAFA00D36C4B /* LibraryView.swift */ = {isa = PBXFileReference; lastKnownFileType = sourcecode.swift; path = LibraryView.swift; sourceTree = "<group>"; };
		17D8348B29A95D7A00F498D4 /* Album Cover Generator.app */ = {isa = PBXFileReference; explicitFileType = wrapper.application; includeInIndex = 0; path = "Album Cover Generator.app"; sourceTree = BUILT_PRODUCTS_DIR; };
		17D8348E29A95D7A00F498D4 /* Album_Cover_GeneratorApp.swift */ = {isa = PBXFileReference; lastKnownFileType = sourcecode.swift; path = Album_Cover_GeneratorApp.swift; sourceTree = "<group>"; };
		17D8349029A95D7A00F498D4 /* AuthorizeView.swift */ = {isa = PBXFileReference; lastKnownFileType = sourcecode.swift; path = AuthorizeView.swift; sourceTree = "<group>"; };
		17D8349229A95D7B00F498D4 /* Assets.xcassets */ = {isa = PBXFileReference; lastKnownFileType = folder.assetcatalog; path = Assets.xcassets; sourceTree = "<group>"; };
		17D8349529A95D7B00F498D4 /* Preview Assets.xcassets */ = {isa = PBXFileReference; lastKnownFileType = folder.assetcatalog; path = "Preview Assets.xcassets"; sourceTree = "<group>"; };
		17D8349F29A9A16700F498D4 /* AuthorizeViewModel.swift */ = {isa = PBXFileReference; lastKnownFileType = sourcecode.swift; path = AuthorizeViewModel.swift; sourceTree = "<group>"; };
		ED1F3A1129ECC0A900D66018 /* merges.txt */ = {isa = PBXFileReference; fileEncoding = 4; lastKnownFileType = text; path = merges.txt; sourceTree = "<group>"; };
		ED1F3A1229ECC0A900D66018 /* TextEncoder.mlmodelc */ = {isa = PBXFileReference; lastKnownFileType = wrapper; path = TextEncoder.mlmodelc; sourceTree = "<group>"; };
		ED1F3A1329ECC0AA00D66018 /* Unet.mlmodelc */ = {isa = PBXFileReference; lastKnownFileType = wrapper; path = Unet.mlmodelc; sourceTree = "<group>"; };
		ED1F3A1429ECC0AA00D66018 /* VAEEncoder.mlmodelc */ = {isa = PBXFileReference; lastKnownFileType = wrapper; path = VAEEncoder.mlmodelc; sourceTree = "<group>"; };
		ED1F3A1529ECC0AA00D66018 /* vocab.json */ = {isa = PBXFileReference; fileEncoding = 4; lastKnownFileType = text.json; path = vocab.json; sourceTree = "<group>"; };
		ED1F3A1629ECC0AA00D66018 /* UnetChunk2.mlmodelc */ = {isa = PBXFileReference; lastKnownFileType = wrapper; path = UnetChunk2.mlmodelc; sourceTree = "<group>"; };
		ED1F3A1729ECC0AA00D66018 /* SafetyChecker.mlmodelc */ = {isa = PBXFileReference; lastKnownFileType = wrapper; path = SafetyChecker.mlmodelc; sourceTree = "<group>"; };
		ED1F3A1829ECC0AA00D66018 /* VAEDecoder.mlmodelc */ = {isa = PBXFileReference; lastKnownFileType = wrapper; path = VAEDecoder.mlmodelc; sourceTree = "<group>"; };
		ED1F3A1929ECC0AA00D66018 /* UnetChunk1.mlmodelc */ = {isa = PBXFileReference; lastKnownFileType = wrapper; path = UnetChunk1.mlmodelc; sourceTree = "<group>"; };
		ED1F3A2529ECC36900D66018 /* StableDiffusionView.swift */ = {isa = PBXFileReference; lastKnownFileType = sourcecode.swift; path = StableDiffusionView.swift; sourceTree = "<group>"; };
		ED41FAE429C11E39004F7152 /* Spotify.swift */ = {isa = PBXFileReference; lastKnownFileType = sourcecode.swift; path = Spotify.swift; sourceTree = "<group>"; };
		ED590D6829CB620500AC9FB8 /* MusicCollectionListView.swift */ = {isa = PBXFileReference; lastKnownFileType = sourcecode.swift; path = MusicCollectionListView.swift; sourceTree = "<group>"; };
		ED590D6A29CB6EFE00AC9FB8 /* CollectionCellView.swift */ = {isa = PBXFileReference; lastKnownFileType = sourcecode.swift; path = CollectionCellView.swift; sourceTree = "<group>"; };
		ED719A3929EBBFED00631FBE /* GeneratePlaylistView.swift */ = {isa = PBXFileReference; lastKnownFileType = sourcecode.swift; path = GeneratePlaylistView.swift; sourceTree = "<group>"; };
		EDB5D0B129B030CB002BE308 /* Album-Cover-Generator-Info.plist */ = {isa = PBXFileReference; lastKnownFileType = text.plist; path = "Album-Cover-Generator-Info.plist"; sourceTree = SOURCE_ROOT; };
		EDB5D0B229B0628A002BE308 /* DeepLinkManager.swift */ = {isa = PBXFileReference; lastKnownFileType = sourcecode.swift; path = DeepLinkManager.swift; sourceTree = "<group>"; };
/* End PBXFileReference section */

/* Begin PBXFrameworksBuildPhase section */
		17D8348829A95D7A00F498D4 /* Frameworks */ = {
			isa = PBXFrameworksBuildPhase;
			buildActionMask = 2147483647;
			files = (
				ED41FAE829C11F27004F7152 /* KeychainAccess in Frameworks */,
				ED1F3A0D29ECBDC700D66018 /* StableDiffusion in Frameworks */,
				17D8349E29A9992A00F498D4 /* SpotifyAPI in Frameworks */,
			);
			runOnlyForDeploymentPostprocessing = 0;
		};
/* End PBXFrameworksBuildPhase section */

/* Begin PBXGroup section */
		170B652029E8CABD00875EEB /* Views */ = {
			isa = PBXGroup;
			children = (
				ED1F3A2429ECC2FC00D66018 /* Stable Diffusion Views */,
				17000A4829B07796003BD54C /* WebView.swift */,
				17B76C7929E7BAFA00D36C4B /* LibraryView.swift */,
				170B651E29E8C66000875EEB /* GenerateAlbumView.swift */,
				ED590D6829CB620500AC9FB8 /* MusicCollectionListView.swift */,
				ED590D6A29CB6EFE00AC9FB8 /* CollectionCellView.swift */,
				17D8349029A95D7A00F498D4 /* AuthorizeView.swift */,
				17B76C7729E7BA3700D36C4B /* Home.swift */,
				ED719A3929EBBFED00631FBE /* GeneratePlaylistView.swift */,
			);
			path = Views;
			sourceTree = "<group>";
		};
		170B652129E8CAE300875EEB /* Models */ = {
			isa = PBXGroup;
			children = (
				ED1F3A1029ECC05500D66018 /* StableDiffusionPrerequisites */,
				17D8349F29A9A16700F498D4 /* AuthorizeViewModel.swift */,
				ED41FAE429C11E39004F7152 /* Spotify.swift */,
			);
			path = Models;
			sourceTree = "<group>";
		};
		17D8348229A95D7A00F498D4 = {
			isa = PBXGroup;
			children = (
				17D8348D29A95D7A00F498D4 /* Album Cover Generator */,
				17D8348C29A95D7A00F498D4 /* Products */,
			);
			sourceTree = "<group>";
		};
		17D8348C29A95D7A00F498D4 /* Products */ = {
			isa = PBXGroup;
			children = (
				17D8348B29A95D7A00F498D4 /* Album Cover Generator.app */,
			);
			name = Products;
			sourceTree = "<group>";
		};
		17D8348D29A95D7A00F498D4 /* Album Cover Generator */ = {
			isa = PBXGroup;
			children = (
				170B652129E8CAE300875EEB /* Models */,
				170B652029E8CABD00875EEB /* Views */,
				EDB5D0B129B030CB002BE308 /* Album-Cover-Generator-Info.plist */,
				EDB5D0B229B0628A002BE308 /* DeepLinkManager.swift */,
				17D8348E29A95D7A00F498D4 /* Album_Cover_GeneratorApp.swift */,
				17D8349229A95D7B00F498D4 /* Assets.xcassets */,
				17D8349429A95D7B00F498D4 /* Preview Content */,
			);
			path = "Album Cover Generator";
			sourceTree = "<group>";
		};
		17D8349429A95D7B00F498D4 /* Preview Content */ = {
			isa = PBXGroup;
			children = (
				17D8349529A95D7B00F498D4 /* Preview Assets.xcassets */,
			);
			path = "Preview Content";
			sourceTree = "<group>";
		};
		ED1F3A1029ECC05500D66018 /* StableDiffusionPrerequisites */ = {
			isa = PBXGroup;
			children = (
				ED1F3A1129ECC0A900D66018 /* merges.txt */,
				ED1F3A1729ECC0AA00D66018 /* SafetyChecker.mlmodelc */,
				ED1F3A1229ECC0A900D66018 /* TextEncoder.mlmodelc */,
				ED1F3A1329ECC0AA00D66018 /* Unet.mlmodelc */,
				ED1F3A1929ECC0AA00D66018 /* UnetChunk1.mlmodelc */,
				ED1F3A1629ECC0AA00D66018 /* UnetChunk2.mlmodelc */,
				ED1F3A1829ECC0AA00D66018 /* VAEDecoder.mlmodelc */,
				ED1F3A1429ECC0AA00D66018 /* VAEEncoder.mlmodelc */,
				ED1F3A1529ECC0AA00D66018 /* vocab.json */,
			);
			path = StableDiffusionPrerequisites;
			sourceTree = "<group>";
		};
		ED1F3A2429ECC2FC00D66018 /* Stable Diffusion Views */ = {
			isa = PBXGroup;
			children = (
				ED1F3A2529ECC36900D66018 /* StableDiffusionView.swift */,
			);
			path = "Stable Diffusion Views";
			sourceTree = "<group>";
		};
/* End PBXGroup section */

/* Begin PBXNativeTarget section */
		17D8348A29A95D7A00F498D4 /* Album Cover Generator */ = {
			isa = PBXNativeTarget;
			buildConfigurationList = 17D8349929A95D7C00F498D4 /* Build configuration list for PBXNativeTarget "Album Cover Generator" */;
			buildPhases = (
				17D8348729A95D7A00F498D4 /* Sources */,
				17D8348829A95D7A00F498D4 /* Frameworks */,
				17D8348929A95D7A00F498D4 /* Resources */,
			);
			buildRules = (
			);
			dependencies = (
			);
			name = "Album Cover Generator";
			packageProductDependencies = (
				17D8349D29A9992A00F498D4 /* SpotifyAPI */,
				ED41FAE729C11F27004F7152 /* KeychainAccess */,
				ED1F3A0C29ECBDC700D66018 /* StableDiffusion */,
			);
			productName = "Album Cover Generator";
			productReference = 17D8348B29A95D7A00F498D4 /* Album Cover Generator.app */;
			productType = "com.apple.product-type.application";
		};
/* End PBXNativeTarget section */

/* Begin PBXProject section */
		17D8348329A95D7A00F498D4 /* Project object */ = {
			isa = PBXProject;
			attributes = {
				BuildIndependentTargetsInParallel = 1;
				LastSwiftUpdateCheck = 1410;
				LastUpgradeCheck = 1410;
				TargetAttributes = {
					17D8348A29A95D7A00F498D4 = {
						CreatedOnToolsVersion = 14.1;
					};
				};
			};
			buildConfigurationList = 17D8348629A95D7A00F498D4 /* Build configuration list for PBXProject "Album Cover Generator" */;
			compatibilityVersion = "Xcode 14.0";
			developmentRegion = en;
			hasScannedForEncodings = 0;
			knownRegions = (
				en,
				Base,
			);
			mainGroup = 17D8348229A95D7A00F498D4;
			packageReferences = (
				17D8349C29A9992A00F498D4 /* XCRemoteSwiftPackageReference "SpotifyAPI" */,
				ED41FAE629C11F27004F7152 /* XCRemoteSwiftPackageReference "KeychainAccess" */,
				ED1F3A0B29ECBDC600D66018 /* XCRemoteSwiftPackageReference "ml-stable-diffusion" */,
			);
			productRefGroup = 17D8348C29A95D7A00F498D4 /* Products */;
			projectDirPath = "";
			projectRoot = "";
			targets = (
				17D8348A29A95D7A00F498D4 /* Album Cover Generator */,
			);
		};
/* End PBXProject section */

/* Begin PBXResourcesBuildPhase section */
		17D8348929A95D7A00F498D4 /* Resources */ = {
			isa = PBXResourcesBuildPhase;
			buildActionMask = 2147483647;
			files = (
				ED1F3A1C29ECC0AA00D66018 /* Unet.mlmodelc in Resources */,
				ED1F3A2029ECC0AA00D66018 /* SafetyChecker.mlmodelc in Resources */,
				ED1F3A1B29ECC0AA00D66018 /* TextEncoder.mlmodelc in Resources */,
				ED1F3A1D29ECC0AA00D66018 /* VAEEncoder.mlmodelc in Resources */,
				ED1F3A1A29ECC0AA00D66018 /* merges.txt in Resources */,
				17D8349629A95D7B00F498D4 /* Preview Assets.xcassets in Resources */,
				ED1F3A1F29ECC0AA00D66018 /* UnetChunk2.mlmodelc in Resources */,
				ED1F3A1E29ECC0AA00D66018 /* vocab.json in Resources */,
				ED1F3A2129ECC0AA00D66018 /* VAEDecoder.mlmodelc in Resources */,
				17D8349329A95D7B00F498D4 /* Assets.xcassets in Resources */,
				ED1F3A2229ECC0AA00D66018 /* UnetChunk1.mlmodelc in Resources */,
			);
			runOnlyForDeploymentPostprocessing = 0;
		};
/* End PBXResourcesBuildPhase section */

/* Begin PBXSourcesBuildPhase section */
		17D8348729A95D7A00F498D4 /* Sources */ = {
			isa = PBXSourcesBuildPhase;
			buildActionMask = 2147483647;
			files = (
				17D8349129A95D7A00F498D4 /* AuthorizeView.swift in Sources */,
				17000A4929B07796003BD54C /* WebView.swift in Sources */,
				ED590D6B29CB6EFE00AC9FB8 /* CollectionCellView.swift in Sources */,
				ED41FAE529C11E39004F7152 /* Spotify.swift in Sources */,
				17B76C7829E7BA3700D36C4B /* Home.swift in Sources */,
				ED719A3A29EBBFED00631FBE /* GeneratePlaylistView.swift in Sources */,
				17D8348F29A95D7A00F498D4 /* Album_Cover_GeneratorApp.swift in Sources */,
				170B651F29E8C66000875EEB /* GenerateAlbumView.swift in Sources */,
				ED1F3A2629ECC36900D66018 /* StableDiffusionView.swift in Sources */,
				17D834A029A9A16700F498D4 /* AuthorizeViewModel.swift in Sources */,
				EDB5D0B329B0628B002BE308 /* DeepLinkManager.swift in Sources */,
				17B76C7A29E7BAFA00D36C4B /* LibraryView.swift in Sources */,
				ED590D6929CB620500AC9FB8 /* MusicCollectionListView.swift in Sources */,
			);
			runOnlyForDeploymentPostprocessing = 0;
		};
/* End PBXSourcesBuildPhase section */

/* Begin XCBuildConfiguration section */
		17D8349729A95D7B00F498D4 /* Debug */ = {
			isa = XCBuildConfiguration;
			buildSettings = {
				ALWAYS_SEARCH_USER_PATHS = NO;
				CLANG_ANALYZER_NONNULL = YES;
				CLANG_ANALYZER_NUMBER_OBJECT_CONVERSION = YES_AGGRESSIVE;
				CLANG_CXX_LANGUAGE_STANDARD = "gnu++20";
				CLANG_ENABLE_MODULES = YES;
				CLANG_ENABLE_OBJC_ARC = YES;
				CLANG_ENABLE_OBJC_WEAK = YES;
				CLANG_WARN_BLOCK_CAPTURE_AUTORELEASING = YES;
				CLANG_WARN_BOOL_CONVERSION = YES;
				CLANG_WARN_COMMA = YES;
				CLANG_WARN_CONSTANT_CONVERSION = YES;
				CLANG_WARN_DEPRECATED_OBJC_IMPLEMENTATIONS = YES;
				CLANG_WARN_DIRECT_OBJC_ISA_USAGE = YES_ERROR;
				CLANG_WARN_DOCUMENTATION_COMMENTS = YES;
				CLANG_WARN_EMPTY_BODY = YES;
				CLANG_WARN_ENUM_CONVERSION = YES;
				CLANG_WARN_INFINITE_RECURSION = YES;
				CLANG_WARN_INT_CONVERSION = YES;
				CLANG_WARN_NON_LITERAL_NULL_CONVERSION = YES;
				CLANG_WARN_OBJC_IMPLICIT_RETAIN_SELF = YES;
				CLANG_WARN_OBJC_LITERAL_CONVERSION = YES;
				CLANG_WARN_OBJC_ROOT_CLASS = YES_ERROR;
				CLANG_WARN_QUOTED_INCLUDE_IN_FRAMEWORK_HEADER = YES;
				CLANG_WARN_RANGE_LOOP_ANALYSIS = YES;
				CLANG_WARN_STRICT_PROTOTYPES = YES;
				CLANG_WARN_SUSPICIOUS_MOVE = YES;
				CLANG_WARN_UNGUARDED_AVAILABILITY = YES_AGGRESSIVE;
				CLANG_WARN_UNREACHABLE_CODE = YES;
				CLANG_WARN__DUPLICATE_METHOD_MATCH = YES;
				COPY_PHASE_STRIP = NO;
				DEBUG_INFORMATION_FORMAT = dwarf;
				ENABLE_STRICT_OBJC_MSGSEND = YES;
				ENABLE_TESTABILITY = YES;
				GCC_C_LANGUAGE_STANDARD = gnu11;
				GCC_DYNAMIC_NO_PIC = NO;
				GCC_NO_COMMON_BLOCKS = YES;
				GCC_OPTIMIZATION_LEVEL = 0;
				GCC_PREPROCESSOR_DEFINITIONS = (
					"DEBUG=1",
					"$(inherited)",
				);
				GCC_WARN_64_TO_32_BIT_CONVERSION = YES;
				GCC_WARN_ABOUT_RETURN_TYPE = YES_ERROR;
				GCC_WARN_UNDECLARED_SELECTOR = YES;
				GCC_WARN_UNINITIALIZED_AUTOS = YES_AGGRESSIVE;
				GCC_WARN_UNUSED_FUNCTION = YES;
				GCC_WARN_UNUSED_VARIABLE = YES;
				IPHONEOS_DEPLOYMENT_TARGET = 16.1;
				MTL_ENABLE_DEBUG_INFO = INCLUDE_SOURCE;
				MTL_FAST_MATH = YES;
				ONLY_ACTIVE_ARCH = YES;
				SDKROOT = iphoneos;
				SWIFT_ACTIVE_COMPILATION_CONDITIONS = DEBUG;
				SWIFT_OPTIMIZATION_LEVEL = "-Onone";
			};
			name = Debug;
		};
		17D8349829A95D7B00F498D4 /* Release */ = {
			isa = XCBuildConfiguration;
			buildSettings = {
				ALWAYS_SEARCH_USER_PATHS = NO;
				CLANG_ANALYZER_NONNULL = YES;
				CLANG_ANALYZER_NUMBER_OBJECT_CONVERSION = YES_AGGRESSIVE;
				CLANG_CXX_LANGUAGE_STANDARD = "gnu++20";
				CLANG_ENABLE_MODULES = YES;
				CLANG_ENABLE_OBJC_ARC = YES;
				CLANG_ENABLE_OBJC_WEAK = YES;
				CLANG_WARN_BLOCK_CAPTURE_AUTORELEASING = YES;
				CLANG_WARN_BOOL_CONVERSION = YES;
				CLANG_WARN_COMMA = YES;
				CLANG_WARN_CONSTANT_CONVERSION = YES;
				CLANG_WARN_DEPRECATED_OBJC_IMPLEMENTATIONS = YES;
				CLANG_WARN_DIRECT_OBJC_ISA_USAGE = YES_ERROR;
				CLANG_WARN_DOCUMENTATION_COMMENTS = YES;
				CLANG_WARN_EMPTY_BODY = YES;
				CLANG_WARN_ENUM_CONVERSION = YES;
				CLANG_WARN_INFINITE_RECURSION = YES;
				CLANG_WARN_INT_CONVERSION = YES;
				CLANG_WARN_NON_LITERAL_NULL_CONVERSION = YES;
				CLANG_WARN_OBJC_IMPLICIT_RETAIN_SELF = YES;
				CLANG_WARN_OBJC_LITERAL_CONVERSION = YES;
				CLANG_WARN_OBJC_ROOT_CLASS = YES_ERROR;
				CLANG_WARN_QUOTED_INCLUDE_IN_FRAMEWORK_HEADER = YES;
				CLANG_WARN_RANGE_LOOP_ANALYSIS = YES;
				CLANG_WARN_STRICT_PROTOTYPES = YES;
				CLANG_WARN_SUSPICIOUS_MOVE = YES;
				CLANG_WARN_UNGUARDED_AVAILABILITY = YES_AGGRESSIVE;
				CLANG_WARN_UNREACHABLE_CODE = YES;
				CLANG_WARN__DUPLICATE_METHOD_MATCH = YES;
				COPY_PHASE_STRIP = NO;
				DEBUG_INFORMATION_FORMAT = "dwarf-with-dsym";
				ENABLE_NS_ASSERTIONS = NO;
				ENABLE_STRICT_OBJC_MSGSEND = YES;
				GCC_C_LANGUAGE_STANDARD = gnu11;
				GCC_NO_COMMON_BLOCKS = YES;
				GCC_WARN_64_TO_32_BIT_CONVERSION = YES;
				GCC_WARN_ABOUT_RETURN_TYPE = YES_ERROR;
				GCC_WARN_UNDECLARED_SELECTOR = YES;
				GCC_WARN_UNINITIALIZED_AUTOS = YES_AGGRESSIVE;
				GCC_WARN_UNUSED_FUNCTION = YES;
				GCC_WARN_UNUSED_VARIABLE = YES;
				IPHONEOS_DEPLOYMENT_TARGET = 16.1;
				MTL_ENABLE_DEBUG_INFO = NO;
				MTL_FAST_MATH = YES;
				SDKROOT = iphoneos;
				SWIFT_COMPILATION_MODE = wholemodule;
				SWIFT_OPTIMIZATION_LEVEL = "-O";
				VALIDATE_PRODUCT = YES;
			};
			name = Release;
		};
		17D8349A29A95D7C00F498D4 /* Debug */ = {
			isa = XCBuildConfiguration;
			buildSettings = {
				ASSETCATALOG_COMPILER_APPICON_NAME = AppIcon;
				ASSETCATALOG_COMPILER_GLOBAL_ACCENT_COLOR_NAME = AccentColor;
				CODE_SIGN_STYLE = Automatic;
				CURRENT_PROJECT_VERSION = 1;
				DEVELOPMENT_ASSET_PATHS = "\"Album Cover Generator/Preview Content\"";
				DEVELOPMENT_TEAM = C8YMKXNGLP;
				ENABLE_PREVIEWS = YES;
				GENERATE_INFOPLIST_FILE = YES;
				INFOPLIST_FILE = "Album-Cover-Generator-Info.plist";
				INFOPLIST_KEY_UIApplicationSceneManifest_Generation = YES;
				INFOPLIST_KEY_UIApplicationSupportsIndirectInputEvents = YES;
				INFOPLIST_KEY_UILaunchScreen_Generation = YES;
				INFOPLIST_KEY_UISupportedInterfaceOrientations_iPad = "UIInterfaceOrientationPortrait UIInterfaceOrientationPortraitUpsideDown UIInterfaceOrientationLandscapeLeft UIInterfaceOrientationLandscapeRight";
				INFOPLIST_KEY_UISupportedInterfaceOrientations_iPhone = "UIInterfaceOrientationPortrait UIInterfaceOrientationLandscapeLeft UIInterfaceOrientationLandscapeRight";
				IPHONEOS_DEPLOYMENT_TARGET = 16.0;
				LD_RUNPATH_SEARCH_PATHS = (
					"$(inherited)",
					"@executable_path/Frameworks",
				);
				MARKETING_VERSION = 1.0;
				PRODUCT_BUNDLE_IDENTIFIER = "Danny.Album-Cover-Generator";
				PRODUCT_NAME = "$(TARGET_NAME)";
				SWIFT_EMIT_LOC_STRINGS = YES;
				SWIFT_VERSION = 5.0;
				TARGETED_DEVICE_FAMILY = "1,2";
			};
			name = Debug;
		};
		17D8349B29A95D7C00F498D4 /* Release */ = {
			isa = XCBuildConfiguration;
			buildSettings = {
				ASSETCATALOG_COMPILER_APPICON_NAME = AppIcon;
				ASSETCATALOG_COMPILER_GLOBAL_ACCENT_COLOR_NAME = AccentColor;
				CODE_SIGN_STYLE = Automatic;
				CURRENT_PROJECT_VERSION = 1;
				DEVELOPMENT_ASSET_PATHS = "\"Album Cover Generator/Preview Content\"";
				DEVELOPMENT_TEAM = C8YMKXNGLP;
				ENABLE_PREVIEWS = YES;
				GENERATE_INFOPLIST_FILE = YES;
				INFOPLIST_FILE = "Album-Cover-Generator-Info.plist";
				INFOPLIST_KEY_UIApplicationSceneManifest_Generation = YES;
				INFOPLIST_KEY_UIApplicationSupportsIndirectInputEvents = YES;
				INFOPLIST_KEY_UILaunchScreen_Generation = YES;
				INFOPLIST_KEY_UISupportedInterfaceOrientations_iPad = "UIInterfaceOrientationPortrait UIInterfaceOrientationPortraitUpsideDown UIInterfaceOrientationLandscapeLeft UIInterfaceOrientationLandscapeRight";
				INFOPLIST_KEY_UISupportedInterfaceOrientations_iPhone = "UIInterfaceOrientationPortrait UIInterfaceOrientationLandscapeLeft UIInterfaceOrientationLandscapeRight";
				IPHONEOS_DEPLOYMENT_TARGET = 16.0;
				LD_RUNPATH_SEARCH_PATHS = (
					"$(inherited)",
					"@executable_path/Frameworks",
				);
				MARKETING_VERSION = 1.0;
				PRODUCT_BUNDLE_IDENTIFIER = "Danny.Album-Cover-Generator";
				PRODUCT_NAME = "$(TARGET_NAME)";
				SWIFT_EMIT_LOC_STRINGS = YES;
				SWIFT_VERSION = 5.0;
				TARGETED_DEVICE_FAMILY = "1,2";
			};
			name = Release;
		};
/* End XCBuildConfiguration section */

/* Begin XCConfigurationList section */
		17D8348629A95D7A00F498D4 /* Build configuration list for PBXProject "Album Cover Generator" */ = {
			isa = XCConfigurationList;
			buildConfigurations = (
				17D8349729A95D7B00F498D4 /* Debug */,
				17D8349829A95D7B00F498D4 /* Release */,
			);
			defaultConfigurationIsVisible = 0;
			defaultConfigurationName = Release;
		};
		17D8349929A95D7C00F498D4 /* Build configuration list for PBXNativeTarget "Album Cover Generator" */ = {
			isa = XCConfigurationList;
			buildConfigurations = (
				17D8349A29A95D7C00F498D4 /* Debug */,
				17D8349B29A95D7C00F498D4 /* Release */,
			);
			defaultConfigurationIsVisible = 0;
			defaultConfigurationName = Release;
		};
/* End XCConfigurationList section */

/* Begin XCRemoteSwiftPackageReference section */
		17D8349C29A9992A00F498D4 /* XCRemoteSwiftPackageReference "SpotifyAPI" */ = {
			isa = XCRemoteSwiftPackageReference;
			repositoryURL = "https://github.com/Peter-Schorn/SpotifyAPI.git";
			requirement = {
				kind = upToNextMajorVersion;
				minimumVersion = 2.0.0;
			};
		};
		ED1F3A0B29ECBDC600D66018 /* XCRemoteSwiftPackageReference "ml-stable-diffusion" */ = {
			isa = XCRemoteSwiftPackageReference;
			repositoryURL = "https://github.com/apple/ml-stable-diffusion.git";
			requirement = {
				kind = upToNextMajorVersion;
				minimumVersion = 0.3.0;
			};
		};
		ED41FAE629C11F27004F7152 /* XCRemoteSwiftPackageReference "KeychainAccess" */ = {
			isa = XCRemoteSwiftPackageReference;
			repositoryURL = "https://github.com/kishikawakatsumi/KeychainAccess.git";
			requirement = {
				branch = master;
				kind = branch;
			};
		};
/* End XCRemoteSwiftPackageReference section */

/* Begin XCSwiftPackageProductDependency section */
		17D8349D29A9992A00F498D4 /* SpotifyAPI */ = {
			isa = XCSwiftPackageProductDependency;
			package = 17D8349C29A9992A00F498D4 /* XCRemoteSwiftPackageReference "SpotifyAPI" */;
			productName = SpotifyAPI;
		};
		ED1F3A0C29ECBDC700D66018 /* StableDiffusion */ = {
			isa = XCSwiftPackageProductDependency;
			package = ED1F3A0B29ECBDC600D66018 /* XCRemoteSwiftPackageReference "ml-stable-diffusion" */;
			productName = StableDiffusion;
		};
		ED41FAE729C11F27004F7152 /* KeychainAccess */ = {
			isa = XCSwiftPackageProductDependency;
			package = ED41FAE629C11F27004F7152 /* XCRemoteSwiftPackageReference "KeychainAccess" */;
			productName = KeychainAccess;
		};
/* End XCSwiftPackageProductDependency section */
	};
	rootObject = 17D8348329A95D7A00F498D4 /* Project object */;
}
