// !$*UTF8*$!
{
	archiveVersion = 1;
	classes = {
	};
	objectVersion = 56;
	objects = {

/* Begin PBXBuildFile section */
		17000A4929B07796003BD54C /* WebView.swift in Sources */ = {isa = PBXBuildFile; fileRef = 17000A4829B07796003BD54C /* WebView.swift */; };
		170B651F29E8C66000875EEB /* GenerateView.swift in Sources */ = {isa = PBXBuildFile; fileRef = 170B651E29E8C66000875EEB /* GenerateView.swift */; };
		17B76C7829E7BA3700D36C4B /* Home.swift in Sources */ = {isa = PBXBuildFile; fileRef = 17B76C7729E7BA3700D36C4B /* Home.swift */; };
		17B76C7A29E7BAFA00D36C4B /* LibraryView.swift in Sources */ = {isa = PBXBuildFile; fileRef = 17B76C7929E7BAFA00D36C4B /* LibraryView.swift */; };
		17D8348F29A95D7A00F498D4 /* Album_Cover_GeneratorApp.swift in Sources */ = {isa = PBXBuildFile; fileRef = 17D8348E29A95D7A00F498D4 /* Album_Cover_GeneratorApp.swift */; };
		17D8349129A95D7A00F498D4 /* AuthorizeView.swift in Sources */ = {isa = PBXBuildFile; fileRef = 17D8349029A95D7A00F498D4 /* AuthorizeView.swift */; };
		17D8349329A95D7B00F498D4 /* Assets.xcassets in Resources */ = {isa = PBXBuildFile; fileRef = 17D8349229A95D7B00F498D4 /* Assets.xcassets */; };
		17D8349629A95D7B00F498D4 /* Preview Assets.xcassets in Resources */ = {isa = PBXBuildFile; fileRef = 17D8349529A95D7B00F498D4 /* Preview Assets.xcassets */; };
		17D8349E29A9992A00F498D4 /* SpotifyAPI in Frameworks */ = {isa = PBXBuildFile; productRef = 17D8349D29A9992A00F498D4 /* SpotifyAPI */; };
		17D834A029A9A16700F498D4 /* AuthorizeViewModel.swift in Sources */ = {isa = PBXBuildFile; fileRef = 17D8349F29A9A16700F498D4 /* AuthorizeViewModel.swift */; };
		ED0A53622A12FD7A00AA42B7 /* ProgressBar.swift in Sources */ = {isa = PBXBuildFile; fileRef = ED0A53612A12FD7A00AA42B7 /* ProgressBar.swift */; };
		ED0A53642A1571E400AA42B7 /* CompletedView.swift in Sources */ = {isa = PBXBuildFile; fileRef = ED0A53632A1571E400AA42B7 /* CompletedView.swift */; };
		ED0A53662A158AA200AA42B7 /* Launch Screen.storyboard in Resources */ = {isa = PBXBuildFile; fileRef = ED0A53652A158AA200AA42B7 /* Launch Screen.storyboard */; };
		ED0A53692A18102B00AA42B7 /* CoreMLModels in Resources */ = {isa = PBXBuildFile; fileRef = ED0A53682A18102B00AA42B7 /* CoreMLModels */; };
		ED1F3A0D29ECBDC700D66018 /* StableDiffusion in Frameworks */ = {isa = PBXBuildFile; productRef = ED1F3A0C29ECBDC700D66018 /* StableDiffusion */; };
		ED1F3A2629ECC36900D66018 /* StableDiffusionView.swift in Sources */ = {isa = PBXBuildFile; fileRef = ED1F3A2529ECC36900D66018 /* StableDiffusionView.swift */; };
		ED2EAAFE2A1812ED0023DE19 /* ImageGenerator.swift in Sources */ = {isa = PBXBuildFile; fileRef = ED2EAAFD2A1812ED0023DE19 /* ImageGenerator.swift */; };
		ED2EAB002A1817BF0023DE19 /* PromptView.swift in Sources */ = {isa = PBXBuildFile; fileRef = ED2EAAFF2A1817BF0023DE19 /* PromptView.swift */; };
		ED2EAB022A18189A0023DE19 /* TextToImageView.swift in Sources */ = {isa = PBXBuildFile; fileRef = ED2EAB012A18189A0023DE19 /* TextToImageView.swift */; };
		ED41FAE529C11E39004F7152 /* Spotify.swift in Sources */ = {isa = PBXBuildFile; fileRef = ED41FAE429C11E39004F7152 /* Spotify.swift */; };
		ED41FAE829C11F27004F7152 /* KeychainAccess in Frameworks */ = {isa = PBXBuildFile; productRef = ED41FAE729C11F27004F7152 /* KeychainAccess */; };
		ED590D6929CB620500AC9FB8 /* MusicCollectionListView.swift in Sources */ = {isa = PBXBuildFile; fileRef = ED590D6829CB620500AC9FB8 /* MusicCollectionListView.swift */; };
		ED590D6B29CB6EFE00AC9FB8 /* CollectionCellView.swift in Sources */ = {isa = PBXBuildFile; fileRef = ED590D6A29CB6EFE00AC9FB8 /* CollectionCellView.swift */; };
		EDB5D0B329B0628B002BE308 /* DeepLinkManager.swift in Sources */ = {isa = PBXBuildFile; fileRef = EDB5D0B229B0628A002BE308 /* DeepLinkManager.swift */; };
		EDCB99342A19936100CA2BE2 /* Path in Frameworks */ = {isa = PBXBuildFile; productRef = EDCB99332A19936100CA2BE2 /* Path */; };
		EDCB99372A19937700CA2BE2 /* CompactSlider in Frameworks */ = {isa = PBXBuildFile; productRef = EDCB99362A19937700CA2BE2 /* CompactSlider */; };
		EDCB993A2A1993BC00CA2BE2 /* ZIPFoundation in Frameworks */ = {isa = PBXBuildFile; productRef = EDCB99392A1993BC00CA2BE2 /* ZIPFoundation */; };
		EDCB99402A1994CE00CA2BE2 /* Pipeline.swift in Sources */ = {isa = PBXBuildFile; fileRef = EDCB993E2A1994CE00CA2BE2 /* Pipeline.swift */; };
		EDCB99412A1994CE00CA2BE2 /* PipelineLoader.swift in Sources */ = {isa = PBXBuildFile; fileRef = EDCB993F2A1994CE00CA2BE2 /* PipelineLoader.swift */; };
		EDCB99462A1994EF00CA2BE2 /* Utils.swift in Sources */ = {isa = PBXBuildFile; fileRef = EDCB99422A1994EE00CA2BE2 /* Utils.swift */; };
		EDCB99472A1994EF00CA2BE2 /* ModelInfo.swift in Sources */ = {isa = PBXBuildFile; fileRef = EDCB99432A1994EE00CA2BE2 /* ModelInfo.swift */; };
		EDCB99482A1994EF00CA2BE2 /* State.swift in Sources */ = {isa = PBXBuildFile; fileRef = EDCB99442A1994EE00CA2BE2 /* State.swift */; };
		EDCB99492A1994EF00CA2BE2 /* Downloader.swift in Sources */ = {isa = PBXBuildFile; fileRef = EDCB99452A1994EF00CA2BE2 /* Downloader.swift */; };
		EDCC876F2A1C0B670062FC03 /* Neumorphic in Frameworks */ = {isa = PBXBuildFile; productRef = EDCC876E2A1C0B670062FC03 /* Neumorphic */; };
/* End PBXBuildFile section */

/* Begin PBXFileReference section */
		17000A4829B07796003BD54C /* WebView.swift */ = {isa = PBXFileReference; lastKnownFileType = sourcecode.swift; path = WebView.swift; sourceTree = "<group>"; };
		170B651E29E8C66000875EEB /* GenerateView.swift */ = {isa = PBXFileReference; lastKnownFileType = sourcecode.swift; path = GenerateView.swift; sourceTree = "<group>"; };
		17B76C7729E7BA3700D36C4B /* Home.swift */ = {isa = PBXFileReference; fileEncoding = 4; lastKnownFileType = sourcecode.swift; path = Home.swift; sourceTree = "<group>"; };
		17B76C7929E7BAFA00D36C4B /* LibraryView.swift */ = {isa = PBXFileReference; lastKnownFileType = sourcecode.swift; path = LibraryView.swift; sourceTree = "<group>"; };
		17D8348B29A95D7A00F498D4 /* Album Cover Generator.app */ = {isa = PBXFileReference; explicitFileType = wrapper.application; includeInIndex = 0; path = "Album Cover Generator.app"; sourceTree = BUILT_PRODUCTS_DIR; };
		17D8348E29A95D7A00F498D4 /* Album_Cover_GeneratorApp.swift */ = {isa = PBXFileReference; lastKnownFileType = sourcecode.swift; path = Album_Cover_GeneratorApp.swift; sourceTree = "<group>"; };
		17D8349029A95D7A00F498D4 /* AuthorizeView.swift */ = {isa = PBXFileReference; lastKnownFileType = sourcecode.swift; path = AuthorizeView.swift; sourceTree = "<group>"; };
		17D8349229A95D7B00F498D4 /* Assets.xcassets */ = {isa = PBXFileReference; lastKnownFileType = folder.assetcatalog; path = Assets.xcassets; sourceTree = "<group>"; };
		17D8349529A95D7B00F498D4 /* Preview Assets.xcassets */ = {isa = PBXFileReference; lastKnownFileType = folder.assetcatalog; path = "Preview Assets.xcassets"; sourceTree = "<group>"; };
		17D8349F29A9A16700F498D4 /* AuthorizeViewModel.swift */ = {isa = PBXFileReference; lastKnownFileType = sourcecode.swift; path = AuthorizeViewModel.swift; sourceTree = "<group>"; };
		ED0A53612A12FD7A00AA42B7 /* ProgressBar.swift */ = {isa = PBXFileReference; lastKnownFileType = sourcecode.swift; path = ProgressBar.swift; sourceTree = "<group>"; };
		ED0A53632A1571E400AA42B7 /* CompletedView.swift */ = {isa = PBXFileReference; lastKnownFileType = sourcecode.swift; path = CompletedView.swift; sourceTree = "<group>"; };
		ED0A53652A158AA200AA42B7 /* Launch Screen.storyboard */ = {isa = PBXFileReference; lastKnownFileType = file.storyboard; path = "Launch Screen.storyboard"; sourceTree = "<group>"; };
		ED0A53682A18102B00AA42B7 /* CoreMLModels */ = {isa = PBXFileReference; lastKnownFileType = folder; path = CoreMLModels; sourceTree = "<group>"; };
		ED1F3A2529ECC36900D66018 /* StableDiffusionView.swift */ = {isa = PBXFileReference; lastKnownFileType = sourcecode.swift; path = StableDiffusionView.swift; sourceTree = "<group>"; };
		ED2EAAFB2A1811BC0023DE19 /* Album Cover Generator.entitlements */ = {isa = PBXFileReference; lastKnownFileType = text.plist.entitlements; path = "Album Cover Generator.entitlements"; sourceTree = "<group>"; };
		ED2EAAFD2A1812ED0023DE19 /* ImageGenerator.swift */ = {isa = PBXFileReference; lastKnownFileType = sourcecode.swift; path = ImageGenerator.swift; sourceTree = "<group>"; };
		ED2EAAFF2A1817BF0023DE19 /* PromptView.swift */ = {isa = PBXFileReference; lastKnownFileType = sourcecode.swift; path = PromptView.swift; sourceTree = "<group>"; };
		ED2EAB012A18189A0023DE19 /* TextToImageView.swift */ = {isa = PBXFileReference; lastKnownFileType = sourcecode.swift; path = TextToImageView.swift; sourceTree = "<group>"; };
		ED41FAE429C11E39004F7152 /* Spotify.swift */ = {isa = PBXFileReference; lastKnownFileType = sourcecode.swift; path = Spotify.swift; sourceTree = "<group>"; };
		ED590D6829CB620500AC9FB8 /* MusicCollectionListView.swift */ = {isa = PBXFileReference; lastKnownFileType = sourcecode.swift; path = MusicCollectionListView.swift; sourceTree = "<group>"; };
		ED590D6A29CB6EFE00AC9FB8 /* CollectionCellView.swift */ = {isa = PBXFileReference; lastKnownFileType = sourcecode.swift; path = CollectionCellView.swift; sourceTree = "<group>"; };
		EDB5D0B129B030CB002BE308 /* Album-Cover-Generator-Info.plist */ = {isa = PBXFileReference; lastKnownFileType = text.plist; path = "Album-Cover-Generator-Info.plist"; sourceTree = SOURCE_ROOT; };
		EDB5D0B229B0628A002BE308 /* DeepLinkManager.swift */ = {isa = PBXFileReference; lastKnownFileType = sourcecode.swift; path = DeepLinkManager.swift; sourceTree = "<group>"; };
		EDCB993E2A1994CE00CA2BE2 /* Pipeline.swift */ = {isa = PBXFileReference; fileEncoding = 4; lastKnownFileType = sourcecode.swift; path = Pipeline.swift; sourceTree = "<group>"; };
		EDCB993F2A1994CE00CA2BE2 /* PipelineLoader.swift */ = {isa = PBXFileReference; fileEncoding = 4; lastKnownFileType = sourcecode.swift; path = PipelineLoader.swift; sourceTree = "<group>"; };
		EDCB99422A1994EE00CA2BE2 /* Utils.swift */ = {isa = PBXFileReference; fileEncoding = 4; lastKnownFileType = sourcecode.swift; path = Utils.swift; sourceTree = "<group>"; };
		EDCB99432A1994EE00CA2BE2 /* ModelInfo.swift */ = {isa = PBXFileReference; fileEncoding = 4; lastKnownFileType = sourcecode.swift; path = ModelInfo.swift; sourceTree = "<group>"; };
		EDCB99442A1994EE00CA2BE2 /* State.swift */ = {isa = PBXFileReference; fileEncoding = 4; lastKnownFileType = sourcecode.swift; path = State.swift; sourceTree = "<group>"; };
		EDCB99452A1994EF00CA2BE2 /* Downloader.swift */ = {isa = PBXFileReference; fileEncoding = 4; lastKnownFileType = sourcecode.swift; path = Downloader.swift; sourceTree = "<group>"; };
/* End PBXFileReference section */

/* Begin PBXFrameworksBuildPhase section */
		17D8348829A95D7A00F498D4 /* Frameworks */ = {
			isa = PBXFrameworksBuildPhase;
			buildActionMask = 2147483647;
			files = (
				ED41FAE829C11F27004F7152 /* KeychainAccess in Frameworks */,
				EDCB99342A19936100CA2BE2 /* Path in Frameworks */,
				ED1F3A0D29ECBDC700D66018 /* StableDiffusion in Frameworks */,
				17D8349E29A9992A00F498D4 /* SpotifyAPI in Frameworks */,
				EDCC876F2A1C0B670062FC03 /* Neumorphic in Frameworks */,
				EDCB99372A19937700CA2BE2 /* CompactSlider in Frameworks */,
				EDCB993A2A1993BC00CA2BE2 /* ZIPFoundation in Frameworks */,
			);
			runOnlyForDeploymentPostprocessing = 0;
		};
/* End PBXFrameworksBuildPhase section */

/* Begin PBXGroup section */
		170B652029E8CABD00875EEB /* Views */ = {
			isa = PBXGroup;
			children = (
				ED1F3A2429ECC2FC00D66018 /* Stable Diffusion Views */,
				17000A4829B07796003BD54C /* WebView.swift */,
				17B76C7929E7BAFA00D36C4B /* LibraryView.swift */,
				170B651E29E8C66000875EEB /* GenerateView.swift */,
				ED590D6829CB620500AC9FB8 /* MusicCollectionListView.swift */,
				ED590D6A29CB6EFE00AC9FB8 /* CollectionCellView.swift */,
				17D8349029A95D7A00F498D4 /* AuthorizeView.swift */,
				17B76C7729E7BA3700D36C4B /* Home.swift */,
				ED0A53612A12FD7A00AA42B7 /* ProgressBar.swift */,
				ED0A53632A1571E400AA42B7 /* CompletedView.swift */,
				ED0A53652A158AA200AA42B7 /* Launch Screen.storyboard */,
			);
			path = Views;
			sourceTree = "<group>";
		};
		170B652129E8CAE300875EEB /* Models */ = {
			isa = PBXGroup;
			children = (
				17D8349F29A9A16700F498D4 /* AuthorizeViewModel.swift */,
				ED41FAE429C11E39004F7152 /* Spotify.swift */,
			);
			path = Models;
			sourceTree = "<group>";
		};
		17D8348229A95D7A00F498D4 = {
			isa = PBXGroup;
			children = (
				17D8348D29A95D7A00F498D4 /* Album Cover Generator */,
				17D8348C29A95D7A00F498D4 /* Products */,
			);
			sourceTree = "<group>";
		};
		17D8348C29A95D7A00F498D4 /* Products */ = {
			isa = PBXGroup;
			children = (
				17D8348B29A95D7A00F498D4 /* Album Cover Generator.app */,
			);
			name = Products;
			sourceTree = "<group>";
		};
		17D8348D29A95D7A00F498D4 /* Album Cover Generator */ = {
			isa = PBXGroup;
			children = (
				EDCB99452A1994EF00CA2BE2 /* Downloader.swift */,
				EDCB99432A1994EE00CA2BE2 /* ModelInfo.swift */,
				EDCB99442A1994EE00CA2BE2 /* State.swift */,
				EDCB99422A1994EE00CA2BE2 /* Utils.swift */,
				EDCB993B2A19949C00CA2BE2 /* Pipeline */,
				ED2EAAFC2A1812DB0023DE19 /* ImageGeneration */,
				ED2EAAFB2A1811BC0023DE19 /* Album Cover Generator.entitlements */,
				ED0A53682A18102B00AA42B7 /* CoreMLModels */,
				170B652129E8CAE300875EEB /* Models */,
				170B652029E8CABD00875EEB /* Views */,
				EDB5D0B129B030CB002BE308 /* Album-Cover-Generator-Info.plist */,
				EDB5D0B229B0628A002BE308 /* DeepLinkManager.swift */,
				17D8348E29A95D7A00F498D4 /* Album_Cover_GeneratorApp.swift */,
				17D8349229A95D7B00F498D4 /* Assets.xcassets */,
				17D8349429A95D7B00F498D4 /* Preview Content */,
			);
			path = "Album Cover Generator";
			sourceTree = "<group>";
		};
		17D8349429A95D7B00F498D4 /* Preview Content */ = {
			isa = PBXGroup;
			children = (
				17D8349529A95D7B00F498D4 /* Preview Assets.xcassets */,
			);
			path = "Preview Content";
			sourceTree = "<group>";
		};
		ED1F3A2429ECC2FC00D66018 /* Stable Diffusion Views */ = {
			isa = PBXGroup;
			children = (
				ED1F3A2529ECC36900D66018 /* StableDiffusionView.swift */,
			);
			path = "Stable Diffusion Views";
			sourceTree = "<group>";
		};
		ED2EAAFC2A1812DB0023DE19 /* ImageGeneration */ = {
			isa = PBXGroup;
			children = (
				ED2EAAFD2A1812ED0023DE19 /* ImageGenerator.swift */,
				ED2EAAFF2A1817BF0023DE19 /* PromptView.swift */,
				ED2EAB012A18189A0023DE19 /* TextToImageView.swift */,
			);
			path = ImageGeneration;
			sourceTree = "<group>";
		};
		EDCB993B2A19949C00CA2BE2 /* Pipeline */ = {
			isa = PBXGroup;
			children = (
				EDCB993E2A1994CE00CA2BE2 /* Pipeline.swift */,
				EDCB993F2A1994CE00CA2BE2 /* PipelineLoader.swift */,
			);
			path = Pipeline;
			sourceTree = "<group>";
		};
/* End PBXGroup section */

/* Begin PBXNativeTarget section */
		17D8348A29A95D7A00F498D4 /* Album Cover Generator */ = {
			isa = PBXNativeTarget;
			buildConfigurationList = 17D8349929A95D7C00F498D4 /* Build configuration list for PBXNativeTarget "Album Cover Generator" */;
			buildPhases = (
				17D8348729A95D7A00F498D4 /* Sources */,
				17D8348829A95D7A00F498D4 /* Frameworks */,
				17D8348929A95D7A00F498D4 /* Resources */,
			);
			buildRules = (
			);
			dependencies = (
			);
			name = "Album Cover Generator";
			packageProductDependencies = (
				17D8349D29A9992A00F498D4 /* SpotifyAPI */,
				ED41FAE729C11F27004F7152 /* KeychainAccess */,
				ED1F3A0C29ECBDC700D66018 /* StableDiffusion */,
				EDCB99332A19936100CA2BE2 /* Path */,
				EDCB99362A19937700CA2BE2 /* CompactSlider */,
				EDCB99392A1993BC00CA2BE2 /* ZIPFoundation */,
				EDCC876E2A1C0B670062FC03 /* Neumorphic */,
			);
			productName = "Album Cover Generator";
			productReference = 17D8348B29A95D7A00F498D4 /* Album Cover Generator.app */;
			productType = "com.apple.product-type.application";
		};
/* End PBXNativeTarget section */

/* Begin PBXProject section */
		17D8348329A95D7A00F498D4 /* Project object */ = {
			isa = PBXProject;
			attributes = {
				BuildIndependentTargetsInParallel = 1;
				LastSwiftUpdateCheck = 1410;
				LastUpgradeCheck = 1410;
				TargetAttributes = {
					17D8348A29A95D7A00F498D4 = {
						CreatedOnToolsVersion = 14.1;
					};
				};
			};
			buildConfigurationList = 17D8348629A95D7A00F498D4 /* Build configuration list for PBXProject "Album Cover Generator" */;
			compatibilityVersion = "Xcode 14.0";
			developmentRegion = en;
			hasScannedForEncodings = 0;
			knownRegions = (
				en,
				Base,
			);
			mainGroup = 17D8348229A95D7A00F498D4;
			packageReferences = (
				17D8349C29A9992A00F498D4 /* XCRemoteSwiftPackageReference "SpotifyAPI" */,
				ED41FAE629C11F27004F7152 /* XCRemoteSwiftPackageReference "KeychainAccess" */,
				ED1F3A0B29ECBDC600D66018 /* XCRemoteSwiftPackageReference "ml-stable-diffusion" */,
				EDCB99322A19936100CA2BE2 /* XCRemoteSwiftPackageReference "Path.swift" */,
				EDCB99352A19937700CA2BE2 /* XCRemoteSwiftPackageReference "CompactSlider" */,
				EDCB99382A1993BB00CA2BE2 /* XCRemoteSwiftPackageReference "ZIPFoundation" */,
				EDCC876D2A1C0B670062FC03 /* XCRemoteSwiftPackageReference "neumorphic" */,
			);
			productRefGroup = 17D8348C29A95D7A00F498D4 /* Products */;
			projectDirPath = "";
			projectRoot = "";
			targets = (
				17D8348A29A95D7A00F498D4 /* Album Cover Generator */,
			);
		};
/* End PBXProject section */

/* Begin PBXResourcesBuildPhase section */
		17D8348929A95D7A00F498D4 /* Resources */ = {
			isa = PBXResourcesBuildPhase;
			buildActionMask = 2147483647;
			files = (
				17D8349629A95D7B00F498D4 /* Preview Assets.xcassets in Resources */,
				ED0A53662A158AA200AA42B7 /* Launch Screen.storyboard in Resources */,
				ED0A53692A18102B00AA42B7 /* CoreMLModels in Resources */,
				17D8349329A95D7B00F498D4 /* Assets.xcassets in Resources */,
			);
			runOnlyForDeploymentPostprocessing = 0;
		};
/* End PBXResourcesBuildPhase section */

/* Begin PBXSourcesBuildPhase section */
		17D8348729A95D7A00F498D4 /* Sources */ = {
			isa = PBXSourcesBuildPhase;
			buildActionMask = 2147483647;
			files = (
				17D8349129A95D7A00F498D4 /* AuthorizeView.swift in Sources */,
				ED2EAAFE2A1812ED0023DE19 /* ImageGenerator.swift in Sources */,
				17000A4929B07796003BD54C /* WebView.swift in Sources */,
				EDCB99482A1994EF00CA2BE2 /* State.swift in Sources */,
				EDCB99472A1994EF00CA2BE2 /* ModelInfo.swift in Sources */,
				ED590D6B29CB6EFE00AC9FB8 /* CollectionCellView.swift in Sources */,
				ED41FAE529C11E39004F7152 /* Spotify.swift in Sources */,
				ED2EAB022A18189A0023DE19 /* TextToImageView.swift in Sources */,
				17B76C7829E7BA3700D36C4B /* Home.swift in Sources */,
				ED0A53642A1571E400AA42B7 /* CompletedView.swift in Sources */,
				ED0A53622A12FD7A00AA42B7 /* ProgressBar.swift in Sources */,
				EDCB99402A1994CE00CA2BE2 /* Pipeline.swift in Sources */,
				ED2EAB002A1817BF0023DE19 /* PromptView.swift in Sources */,
				EDCB99412A1994CE00CA2BE2 /* PipelineLoader.swift in Sources */,
				17D8348F29A95D7A00F498D4 /* Album_Cover_GeneratorApp.swift in Sources */,
				170B651F29E8C66000875EEB /* GenerateView.swift in Sources */,
				ED1F3A2629ECC36900D66018 /* StableDiffusionView.swift in Sources */,
				EDCB99462A1994EF00CA2BE2 /* Utils.swift in Sources */,
				17D834A029A9A16700F498D4 /* AuthorizeViewModel.swift in Sources */,
				EDB5D0B329B0628B002BE308 /* DeepLinkManager.swift in Sources */,
				17B76C7A29E7BAFA00D36C4B /* LibraryView.swift in Sources */,
				EDCB99492A1994EF00CA2BE2 /* Downloader.swift in Sources */,
				ED590D6929CB620500AC9FB8 /* MusicCollectionListView.swift in Sources */,
			);
			runOnlyForDeploymentPostprocessing = 0;
		};
/* End PBXSourcesBuildPhase section */

/* Begin XCBuildConfiguration section */
		17D8349729A95D7B00F498D4 /* Debug */ = {
			isa = XCBuildConfiguration;
			buildSettings = {
				ALWAYS_SEARCH_USER_PATHS = NO;
				CLANG_ANALYZER_NONNULL = YES;
				CLANG_ANALYZER_NUMBER_OBJECT_CONVERSION = YES_AGGRESSIVE;
				CLANG_CXX_LANGUAGE_STANDARD = "gnu++20";
				CLANG_ENABLE_MODULES = YES;
				CLANG_ENABLE_OBJC_ARC = YES;
				CLANG_ENABLE_OBJC_WEAK = YES;
				CLANG_WARN_BLOCK_CAPTURE_AUTORELEASING = YES;
				CLANG_WARN_BOOL_CONVERSION = YES;
				CLANG_WARN_COMMA = YES;
				CLANG_WARN_CONSTANT_CONVERSION = YES;
				CLANG_WARN_DEPRECATED_OBJC_IMPLEMENTATIONS = YES;
				CLANG_WARN_DIRECT_OBJC_ISA_USAGE = YES_ERROR;
				CLANG_WARN_DOCUMENTATION_COMMENTS = YES;
				CLANG_WARN_EMPTY_BODY = YES;
				CLANG_WARN_ENUM_CONVERSION = YES;
				CLANG_WARN_INFINITE_RECURSION = YES;
				CLANG_WARN_INT_CONVERSION = YES;
				CLANG_WARN_NON_LITERAL_NULL_CONVERSION = YES;
				CLANG_WARN_OBJC_IMPLICIT_RETAIN_SELF = YES;
				CLANG_WARN_OBJC_LITERAL_CONVERSION = YES;
				CLANG_WARN_OBJC_ROOT_CLASS = YES_ERROR;
				CLANG_WARN_QUOTED_INCLUDE_IN_FRAMEWORK_HEADER = YES;
				CLANG_WARN_RANGE_LOOP_ANALYSIS = YES;
				CLANG_WARN_STRICT_PROTOTYPES = YES;
				CLANG_WARN_SUSPICIOUS_MOVE = YES;
				CLANG_WARN_UNGUARDED_AVAILABILITY = YES_AGGRESSIVE;
				CLANG_WARN_UNREACHABLE_CODE = YES;
				CLANG_WARN__DUPLICATE_METHOD_MATCH = YES;
				COPY_PHASE_STRIP = NO;
				DEBUG_INFORMATION_FORMAT = dwarf;
				ENABLE_STRICT_OBJC_MSGSEND = YES;
				ENABLE_TESTABILITY = YES;
				GCC_C_LANGUAGE_STANDARD = gnu11;
				GCC_DYNAMIC_NO_PIC = NO;
				GCC_NO_COMMON_BLOCKS = YES;
				GCC_OPTIMIZATION_LEVEL = 0;
				GCC_PREPROCESSOR_DEFINITIONS = (
					"DEBUG=1",
					"$(inherited)",
				);
				GCC_WARN_64_TO_32_BIT_CONVERSION = YES;
				GCC_WARN_ABOUT_RETURN_TYPE = YES_ERROR;
				GCC_WARN_UNDECLARED_SELECTOR = YES;
				GCC_WARN_UNINITIALIZED_AUTOS = YES_AGGRESSIVE;
				GCC_WARN_UNUSED_FUNCTION = YES;
				GCC_WARN_UNUSED_VARIABLE = YES;
				IPHONEOS_DEPLOYMENT_TARGET = 16.2;
				MTL_ENABLE_DEBUG_INFO = INCLUDE_SOURCE;
				MTL_FAST_MATH = YES;
				ONLY_ACTIVE_ARCH = YES;
				SDKROOT = iphoneos;
				SWIFT_ACTIVE_COMPILATION_CONDITIONS = DEBUG;
				SWIFT_OPTIMIZATION_LEVEL = "-Onone";
			};
			name = Debug;
		};
		17D8349829A95D7B00F498D4 /* Release */ = {
			isa = XCBuildConfiguration;
			buildSettings = {
				ALWAYS_SEARCH_USER_PATHS = NO;
				CLANG_ANALYZER_NONNULL = YES;
				CLANG_ANALYZER_NUMBER_OBJECT_CONVERSION = YES_AGGRESSIVE;
				CLANG_CXX_LANGUAGE_STANDARD = "gnu++20";
				CLANG_ENABLE_MODULES = YES;
				CLANG_ENABLE_OBJC_ARC = YES;
				CLANG_ENABLE_OBJC_WEAK = YES;
				CLANG_WARN_BLOCK_CAPTURE_AUTORELEASING = YES;
				CLANG_WARN_BOOL_CONVERSION = YES;
				CLANG_WARN_COMMA = YES;
				CLANG_WARN_CONSTANT_CONVERSION = YES;
				CLANG_WARN_DEPRECATED_OBJC_IMPLEMENTATIONS = YES;
				CLANG_WARN_DIRECT_OBJC_ISA_USAGE = YES_ERROR;
				CLANG_WARN_DOCUMENTATION_COMMENTS = YES;
				CLANG_WARN_EMPTY_BODY = YES;
				CLANG_WARN_ENUM_CONVERSION = YES;
				CLANG_WARN_INFINITE_RECURSION = YES;
				CLANG_WARN_INT_CONVERSION = YES;
				CLANG_WARN_NON_LITERAL_NULL_CONVERSION = YES;
				CLANG_WARN_OBJC_IMPLICIT_RETAIN_SELF = YES;
				CLANG_WARN_OBJC_LITERAL_CONVERSION = YES;
				CLANG_WARN_OBJC_ROOT_CLASS = YES_ERROR;
				CLANG_WARN_QUOTED_INCLUDE_IN_FRAMEWORK_HEADER = YES;
				CLANG_WARN_RANGE_LOOP_ANALYSIS = YES;
				CLANG_WARN_STRICT_PROTOTYPES = YES;
				CLANG_WARN_SUSPICIOUS_MOVE = YES;
				CLANG_WARN_UNGUARDED_AVAILABILITY = YES_AGGRESSIVE;
				CLANG_WARN_UNREACHABLE_CODE = YES;
				CLANG_WARN__DUPLICATE_METHOD_MATCH = YES;
				COPY_PHASE_STRIP = NO;
				DEBUG_INFORMATION_FORMAT = "dwarf-with-dsym";
				ENABLE_NS_ASSERTIONS = NO;
				ENABLE_STRICT_OBJC_MSGSEND = YES;
				GCC_C_LANGUAGE_STANDARD = gnu11;
				GCC_NO_COMMON_BLOCKS = YES;
				GCC_WARN_64_TO_32_BIT_CONVERSION = YES;
				GCC_WARN_ABOUT_RETURN_TYPE = YES_ERROR;
				GCC_WARN_UNDECLARED_SELECTOR = YES;
				GCC_WARN_UNINITIALIZED_AUTOS = YES_AGGRESSIVE;
				GCC_WARN_UNUSED_FUNCTION = YES;
				GCC_WARN_UNUSED_VARIABLE = YES;
				IPHONEOS_DEPLOYMENT_TARGET = 16.2;
				MTL_ENABLE_DEBUG_INFO = NO;
				MTL_FAST_MATH = YES;
				SDKROOT = iphoneos;
				SWIFT_COMPILATION_MODE = wholemodule;
				SWIFT_OPTIMIZATION_LEVEL = "-O";
				VALIDATE_PRODUCT = YES;
			};
			name = Release;
		};
		17D8349A29A95D7C00F498D4 /* Debug */ = {
			isa = XCBuildConfiguration;
			buildSettings = {
				ASSETCATALOG_COMPILER_APPICON_NAME = AppIcon;
				ASSETCATALOG_COMPILER_GLOBAL_ACCENT_COLOR_NAME = AccentColor;
				ASSETCATALOG_COMPILER_INCLUDE_ALL_APPICON_ASSETS = YES;
				CODE_SIGN_ENTITLEMENTS = "Album Cover Generator/Album Cover Generator.entitlements";
				CODE_SIGN_STYLE = Automatic;
				CURRENT_PROJECT_VERSION = 2;
				DEVELOPMENT_ASSET_PATHS = "\"Album Cover Generator/Preview Content\"";
				DEVELOPMENT_TEAM = K8FHN3DJNA;
				ENABLE_PREVIEWS = YES;
				GENERATE_INFOPLIST_FILE = YES;
				INFOPLIST_FILE = "Album-Cover-Generator-Info.plist";
				INFOPLIST_KEY_CFBundleDisplayName = "AI Music Covers";
				INFOPLIST_KEY_UIApplicationSceneManifest_Generation = YES;
				INFOPLIST_KEY_UIApplicationSupportsIndirectInputEvents = YES;
				INFOPLIST_KEY_UILaunchScreen_Generation = YES;
				INFOPLIST_KEY_UILaunchStoryboardName = "Launch Screen.storyboard";
				INFOPLIST_KEY_UIRequiresFullScreen = YES;
				INFOPLIST_KEY_UISupportedInterfaceOrientations = UIInterfaceOrientationPortrait;
				IPHONEOS_DEPLOYMENT_TARGET = 16.2;
				LD_RUNPATH_SEARCH_PATHS = (
					"$(inherited)",
					"@executable_path/Frameworks",
				);
				MARKETING_VERSION = 1.1;
				PRODUCT_BUNDLE_IDENTIFIER = "com.dannyyoustra.AI-Music-Covers";
				PRODUCT_NAME = "$(TARGET_NAME)";
				SUPPORTED_PLATFORMS = "iphoneos iphonesimulator";
				SUPPORTS_MACCATALYST = NO;
				SUPPORTS_MAC_DESIGNED_FOR_IPHONE_IPAD = NO;
				SWIFT_EMIT_LOC_STRINGS = YES;
				SWIFT_VERSION = 5.0;
				TARGETED_DEVICE_FAMILY = 1;
			};
			name = Debug;
		};
		17D8349B29A95D7C00F498D4 /* Release */ = {
			isa = XCBuildConfiguration;
			buildSettings = {
				ASSETCATALOG_COMPILER_APPICON_NAME = AppIcon;
				ASSETCATALOG_COMPILER_GLOBAL_ACCENT_COLOR_NAME = AccentColor;
				ASSETCATALOG_COMPILER_INCLUDE_ALL_APPICON_ASSETS = YES;
				CODE_SIGN_ENTITLEMENTS = "Album Cover Generator/Album Cover Generator.entitlements";
				CODE_SIGN_STYLE = Automatic;
				CURRENT_PROJECT_VERSION = 2;
				DEVELOPMENT_ASSET_PATHS = "\"Album Cover Generator/Preview Content\"";
				DEVELOPMENT_TEAM = K8FHN3DJNA;
				ENABLE_PREVIEWS = YES;
				GENERATE_INFOPLIST_FILE = YES;
				INFOPLIST_FILE = "Album-Cover-Generator-Info.plist";
				INFOPLIST_KEY_CFBundleDisplayName = "AI Music Covers";
				INFOPLIST_KEY_UIApplicationSceneManifest_Generation = YES;
				INFOPLIST_KEY_UIApplicationSupportsIndirectInputEvents = YES;
				INFOPLIST_KEY_UILaunchScreen_Generation = YES;
				INFOPLIST_KEY_UILaunchStoryboardName = "Launch Screen.storyboard";
				INFOPLIST_KEY_UIRequiresFullScreen = YES;
				INFOPLIST_KEY_UISupportedInterfaceOrientations = UIInterfaceOrientationPortrait;
				IPHONEOS_DEPLOYMENT_TARGET = 16.2;
				LD_RUNPATH_SEARCH_PATHS = (
					"$(inherited)",
					"@executable_path/Frameworks",
				);
				MARKETING_VERSION = 1.1;
				PRODUCT_BUNDLE_IDENTIFIER = "com.dannyyoustra.AI-Music-Covers";
				PRODUCT_NAME = "$(TARGET_NAME)";
				SUPPORTED_PLATFORMS = "iphoneos iphonesimulator";
				SUPPORTS_MACCATALYST = NO;
				SUPPORTS_MAC_DESIGNED_FOR_IPHONE_IPAD = NO;
				SWIFT_EMIT_LOC_STRINGS = YES;
				SWIFT_VERSION = 5.0;
				TARGETED_DEVICE_FAMILY = 1;
			};
			name = Release;
		};
/* End XCBuildConfiguration section */

/* Begin XCConfigurationList section */
		17D8348629A95D7A00F498D4 /* Build configuration list for PBXProject "Album Cover Generator" */ = {
			isa = XCConfigurationList;
			buildConfigurations = (
				17D8349729A95D7B00F498D4 /* Debug */,
				17D8349829A95D7B00F498D4 /* Release */,
			);
			defaultConfigurationIsVisible = 0;
			defaultConfigurationName = Release;
		};
		17D8349929A95D7C00F498D4 /* Build configuration list for PBXNativeTarget "Album Cover Generator" */ = {
			isa = XCConfigurationList;
			buildConfigurations = (
				17D8349A29A95D7C00F498D4 /* Debug */,
				17D8349B29A95D7C00F498D4 /* Release */,
			);
			defaultConfigurationIsVisible = 0;
			defaultConfigurationName = Release;
		};
/* End XCConfigurationList section */

/* Begin XCRemoteSwiftPackageReference section */
		17D8349C29A9992A00F498D4 /* XCRemoteSwiftPackageReference "SpotifyAPI" */ = {
			isa = XCRemoteSwiftPackageReference;
			repositoryURL = "https://github.com/Peter-Schorn/SpotifyAPI.git";
			requirement = {
				kind = upToNextMajorVersion;
				minimumVersion = 2.0.0;
			};
		};
		ED1F3A0B29ECBDC600D66018 /* XCRemoteSwiftPackageReference "ml-stable-diffusion" */ = {
			isa = XCRemoteSwiftPackageReference;
			repositoryURL = "https://github.com/apple/ml-stable-diffusion.git";
			requirement = {
				kind = upToNextMajorVersion;
				minimumVersion = 0.3.0;
			};
		};
		ED41FAE629C11F27004F7152 /* XCRemoteSwiftPackageReference "KeychainAccess" */ = {
			isa = XCRemoteSwiftPackageReference;
			repositoryURL = "https://github.com/kishikawakatsumi/KeychainAccess.git";
			requirement = {
				branch = master;
				kind = branch;
			};
		};
		EDCB99322A19936100CA2BE2 /* XCRemoteSwiftPackageReference "Path.swift" */ = {
			isa = XCRemoteSwiftPackageReference;
			repositoryURL = "https://github.com/mxcl/Path.swift.git";
			requirement = {
				kind = upToNextMajorVersion;
				minimumVersion = 1.0.0;
			};
		};
		EDCB99352A19937700CA2BE2 /* XCRemoteSwiftPackageReference "CompactSlider" */ = {
			isa = XCRemoteSwiftPackageReference;
			repositoryURL = "https://github.com/buh/CompactSlider.git";
			requirement = {
				kind = upToNextMajorVersion;
				minimumVersion = 1.0.0;
			};
		};
		EDCB99382A1993BB00CA2BE2 /* XCRemoteSwiftPackageReference "ZIPFoundation" */ = {
			isa = XCRemoteSwiftPackageReference;
			repositoryURL = "https://github.com/weichsel/ZIPFoundation.git";
			requirement = {
				kind = upToNextMajorVersion;
				minimumVersion = 0.9.16;
			};
		};
		EDCC876D2A1C0B670062FC03 /* XCRemoteSwiftPackageReference "neumorphic" */ = {
			isa = XCRemoteSwiftPackageReference;
			repositoryURL = "https://github.com/costachung/neumorphic.git";
			requirement = {
				branch = master;
				kind = branch;
			};
		};
/* End XCRemoteSwiftPackageReference section */

/* Begin XCSwiftPackageProductDependency section */
		17D8349D29A9992A00F498D4 /* SpotifyAPI */ = {
			isa = XCSwiftPackageProductDependency;
			package = 17D8349C29A9992A00F498D4 /* XCRemoteSwiftPackageReference "SpotifyAPI" */;
			productName = SpotifyAPI;
		};
		ED1F3A0C29ECBDC700D66018 /* StableDiffusion */ = {
			isa = XCSwiftPackageProductDependency;
			package = ED1F3A0B29ECBDC600D66018 /* XCRemoteSwiftPackageReference "ml-stable-diffusion" */;
			productName = StableDiffusion;
		};
		ED41FAE729C11F27004F7152 /* KeychainAccess */ = {
			isa = XCSwiftPackageProductDependency;
			package = ED41FAE629C11F27004F7152 /* XCRemoteSwiftPackageReference "KeychainAccess" */;
			productName = KeychainAccess;
		};
		EDCB99332A19936100CA2BE2 /* Path */ = {
			isa = XCSwiftPackageProductDependency;
			package = EDCB99322A19936100CA2BE2 /* XCRemoteSwiftPackageReference "Path.swift" */;
			productName = Path;
		};
		EDCB99362A19937700CA2BE2 /* CompactSlider */ = {
			isa = XCSwiftPackageProductDependency;
			package = EDCB99352A19937700CA2BE2 /* XCRemoteSwiftPackageReference "CompactSlider" */;
			productName = CompactSlider;
		};
		EDCB99392A1993BC00CA2BE2 /* ZIPFoundation */ = {
			isa = XCSwiftPackageProductDependency;
			package = EDCB99382A1993BB00CA2BE2 /* XCRemoteSwiftPackageReference "ZIPFoundation" */;
			productName = ZIPFoundation;
		};
		EDCC876E2A1C0B670062FC03 /* Neumorphic */ = {
			isa = XCSwiftPackageProductDependency;
			package = EDCC876D2A1C0B670062FC03 /* XCRemoteSwiftPackageReference "neumorphic" */;
			productName = Neumorphic;
		};
/* End XCSwiftPackageProductDependency section */
	};
	rootObject = 17D8348329A95D7A00F498D4 /* Project object */;
}
