{
  "pins" : [
    {
      "identity" : "opencombine",
      "kind" : "remoteSourceControl",
      "location" : "https://github.com/OpenCombine/OpenCombine.git",
      "state" : {
        "revision" : "9cf67e363738dbab61b47fb5eaed78d3db31e5ee",
        "version" : "0.13.0"
      }
    },
    {
      "identity" : "regularexpressions",
      "kind" : "remoteSourceControl",
      "location" : "https://github.com/Peter-Schorn/RegularExpressions.git",
      "state" : {
        "revision" : "b27140d0bd3a9a1e61f2324f644219be98eb3311",
        "version" : "2.2.0"
      }
    },
    {
      "identity" : "spotifyapi",
      "kind" : "remoteSourceControl",
      "location" : "https://github.com/Peter-Schorn/SpotifyAPI.git",
      "state" : {
        "revision" : "f3111891b91918d4e81ae56f6e03d5ad25086d36",
        "version" : "2.2.2"
      }
    },
    {
      "identity" : "swift-crypto",
      "kind" : "remoteSourceControl",
      "location" : "https://github.com/apple/swift-crypto.git",
      "state" : {
        "revision" : "ddb07e896a2a8af79512543b1c7eb9797f8898a5",
        "version" : "1.1.7"
      }
    },
    {
      "identity" : "swift-log",
      "kind" : "remoteSourceControl",
      "location" : "https://github.com/apple/swift-log.git",
      "state" : {
        "revision" : "32e8d724467f8fe623624570367e3d50c5638e46",
        "version" : "1.5.2"
      }
    }
  ],
  "version" : 2
}
